// !$*UTF8*$!
{
	archiveVersion = 1;
	classes = {
	};
	objectVersion = 56;
	objects = {

/* Begin PBXBuildFile section */
		A62B05FC2B0244CD00343DF3 /* AppDelegate.swift in Sources */ = {isa = PBXBuildFile; fileRef = A62B05FB2B0244CD00343DF3 /* AppDelegate.swift */; };
		A62B05FE2B0244CD00343DF3 /* SceneDelegate.swift in Sources */ = {isa = PBXBuildFile; fileRef = A62B05FD2B0244CD00343DF3 /* SceneDelegate.swift */; };
		A62B06002B0244CD00343DF3 /* ViewController.swift in Sources */ = {isa = PBXBuildFile; fileRef = A62B05FF2B0244CD00343DF3 /* ViewController.swift */; };
		A62B06052B0244CE00343DF3 /* Assets.xcassets in Resources */ = {isa = PBXBuildFile; fileRef = A62B06042B0244CE00343DF3 /* Assets.xcassets */; };
		A62B06082B0244CE00343DF3 /* LaunchScreen.storyboard in Resources */ = {isa = PBXBuildFile; fileRef = A62B06062B0244CE00343DF3 /* LaunchScreen.storyboard */; };
		A6C7161B2B2E654F0015B0B1 /* User.swift in Sources */ = {isa = PBXBuildFile; fileRef = A6C7161A2B2E654F0015B0B1 /* User.swift */; };
		A6C7161D2B2E65630015B0B1 /* Article.swift in Sources */ = {isa = PBXBuildFile; fileRef = A6C7161C2B2E65630015B0B1 /* Article.swift */; };
		A6C7161F2B2E657C0015B0B1 /* QiitaReository.swift in Sources */ = {isa = PBXBuildFile; fileRef = A6C7161E2B2E657C0015B0B1 /* QiitaReository.swift */; };
		A6C716212B2E65A40015B0B1 /* ArticleCell.swift in Sources */ = {isa = PBXBuildFile; fileRef = A6C716202B2E65A40015B0B1 /* ArticleCell.swift */; };
/* End PBXBuildFile section */

/* Begin PBXFileReference section */
		A62B05F82B0244CD00343DF3 /* qiita-app.app */ = {isa = PBXFileReference; explicitFileType = wrapper.application; includeInIndex = 0; path = "qiita-app.app"; sourceTree = BUILT_PRODUCTS_DIR; };
		A62B05FB2B0244CD00343DF3 /* AppDelegate.swift */ = {isa = PBXFileReference; lastKnownFileType = sourcecode.swift; path = AppDelegate.swift; sourceTree = "<group>"; };
		A62B05FD2B0244CD00343DF3 /* SceneDelegate.swift */ = {isa = PBXFileReference; lastKnownFileType = sourcecode.swift; path = SceneDelegate.swift; sourceTree = "<group>"; };
		A62B05FF2B0244CD00343DF3 /* ViewController.swift */ = {isa = PBXFileReference; lastKnownFileType = sourcecode.swift; path = ViewController.swift; sourceTree = "<group>"; };
		A62B06042B0244CE00343DF3 /* Assets.xcassets */ = {isa = PBXFileReference; lastKnownFileType = folder.assetcatalog; path = Assets.xcassets; sourceTree = "<group>"; };
		A62B06072B0244CE00343DF3 /* Base */ = {isa = PBXFileReference; lastKnownFileType = file.storyboard; name = Base; path = Base.lproj/LaunchScreen.storyboard; sourceTree = "<group>"; };
		A62B06092B0244CE00343DF3 /* Info.plist */ = {isa = PBXFileReference; lastKnownFileType = text.plist.xml; path = Info.plist; sourceTree = "<group>"; };
		A6C7161A2B2E654F0015B0B1 /* User.swift */ = {isa = PBXFileReference; lastKnownFileType = sourcecode.swift; path = User.swift; sourceTree = "<group>"; };
		A6C7161C2B2E65630015B0B1 /* Article.swift */ = {isa = PBXFileReference; lastKnownFileType = sourcecode.swift; path = Article.swift; sourceTree = "<group>"; };
		A6C7161E2B2E657C0015B0B1 /* QiitaReository.swift */ = {isa = PBXFileReference; lastKnownFileType = sourcecode.swift; path = QiitaReository.swift; sourceTree = "<group>"; };
		A6C716202B2E65A40015B0B1 /* ArticleCell.swift */ = {isa = PBXFileReference; lastKnownFileType = sourcecode.swift; path = ArticleCell.swift; sourceTree = "<group>"; };
/* End PBXFileReference section */

/* Begin PBXFrameworksBuildPhase section */
		A62B05F52B0244CD00343DF3 /* Frameworks */ = {
			isa = PBXFrameworksBuildPhase;
			buildActionMask = 2147483647;
			files = (
			);
			runOnlyForDeploymentPostprocessing = 0;
		};
/* End PBXFrameworksBuildPhase section */

/* Begin PBXGroup section */
		A62B05EF2B0244CD00343DF3 = {
			isa = PBXGroup;
			children = (
				A62B05FA2B0244CD00343DF3 /* qiita-app */,
				A62B05F92B0244CD00343DF3 /* Products */,
			);
			sourceTree = "<group>";
		};
		A62B05F92B0244CD00343DF3 /* Products */ = {
			isa = PBXGroup;
			children = (
				A62B05F82B0244CD00343DF3 /* qiita-app.app */,
			);
			name = Products;
			sourceTree = "<group>";
		};
		A62B05FA2B0244CD00343DF3 /* qiita-app */ = {
			isa = PBXGroup;
			children = (
				A62B05FB2B0244CD00343DF3 /* AppDelegate.swift */,
				A62B05FD2B0244CD00343DF3 /* SceneDelegate.swift */,
				A6C7161A2B2E654F0015B0B1 /* User.swift */,
				A6C7161C2B2E65630015B0B1 /* Article.swift */,
				A6C7161E2B2E657C0015B0B1 /* QiitaReository.swift */,
				A6C716202B2E65A40015B0B1 /* ArticleCell.swift */,
				A62B05FF2B0244CD00343DF3 /* ViewController.swift */,
				A62B06042B0244CE00343DF3 /* Assets.xcassets */,
				A62B06062B0244CE00343DF3 /* LaunchScreen.storyboard */,
				A62B06092B0244CE00343DF3 /* Info.plist */,
			);
			path = "qiita-app";
			sourceTree = "<group>";
		};
/* End PBXGroup section */

/* Begin PBXNativeTarget section */
		A62B05F72B0244CD00343DF3 /* qiita-app */ = {
			isa = PBXNativeTarget;
			buildConfigurationList = A62B060C2B0244CE00343DF3 /* Build configuration list for PBXNativeTarget "qiita-app" */;
			buildPhases = (
				A62B05F42B0244CD00343DF3 /* Sources */,
				A62B05F52B0244CD00343DF3 /* Frameworks */,
				A62B05F62B0244CD00343DF3 /* Resources */,
			);
			buildRules = (
			);
			dependencies = (
			);
			name = "qiita-app";
			productName = "qiita-app";
			productReference = A62B05F82B0244CD00343DF3 /* qiita-app.app */;
			productType = "com.apple.product-type.application";
		};
/* End PBXNativeTarget section */

/* Begin PBXProject section */
		A62B05F02B0244CD00343DF3 /* Project object */ = {
			isa = PBXProject;
			attributes = {
				BuildIndependentTargetsInParallel = 1;
				LastSwiftUpdateCheck = 1500;
				LastUpgradeCheck = 1500;
				TargetAttributes = {
					A62B05F72B0244CD00343DF3 = {
						CreatedOnToolsVersion = 15.0;
					};
				};
			};
			buildConfigurationList = A62B05F32B0244CD00343DF3 /* Build configuration list for PBXProject "qiita-app" */;
			compatibilityVersion = "Xcode 14.0";
			developmentRegion = en;
			hasScannedForEncodings = 0;
			knownRegions = (
				en,
				Base,
			);
			mainGroup = A62B05EF2B0244CD00343DF3;
			productRefGroup = A62B05F92B0244CD00343DF3 /* Products */;
			projectDirPath = "";
			projectRoot = "";
			targets = (
				A62B05F72B0244CD00343DF3 /* qiita-app */,
			);
		};
/* End PBXProject section */

/* Begin PBXResourcesBuildPhase section */
		A62B05F62B0244CD00343DF3 /* Resources */ = {
			isa = PBXResourcesBuildPhase;
			buildActionMask = 2147483647;
			files = (
				A62B06082B0244CE00343DF3 /* LaunchScreen.storyboard in Resources */,
				A62B06052B0244CE00343DF3 /* Assets.xcassets in Resources */,
			);
			runOnlyForDeploymentPostprocessing = 0;
		};
/* End PBXResourcesBuildPhase section */

/* Begin PBXSourcesBuildPhase section */
		A62B05F42B0244CD00343DF3 /* Sources */ = {
			isa = PBXSourcesBuildPhase;
			buildActionMask = 2147483647;
			files = (
				A6C7161B2B2E654F0015B0B1 /* User.swift in Sources */,
				A62B06002B0244CD00343DF3 /* ViewController.swift in Sources */,
				A62B05FC2B0244CD00343DF3 /* AppDelegate.swift in Sources */,
				A62B05FE2B0244CD00343DF3 /* SceneDelegate.swift in Sources */,
				A6C716212B2E65A40015B0B1 /* ArticleCell.swift in Sources */,
				A6C7161D2B2E65630015B0B1 /* Article.swift in Sources */,
				A6C7161F2B2E657C0015B0B1 /* QiitaReository.swift in Sources */,
			);
			runOnlyForDeploymentPostprocessing = 0;
		};
/* End PBXSourcesBuildPhase section */

/* Begin PBXVariantGroup section */
		A62B06062B0244CE00343DF3 /* LaunchScreen.storyboard */ = {
			isa = PBXVariantGroup;
			children = (
				A62B06072B0244CE00343DF3 /* Base */,
			);
			name = LaunchScreen.storyboard;
			sourceTree = "<group>";
		};
/* End PBXVariantGroup section */

/* Begin XCBuildConfiguration section */
		A62B060A2B0244CE00343DF3 /* Debug */ = {
			isa = XCBuildConfiguration;
			buildSettings = {
				ALWAYS_SEARCH_USER_PATHS = NO;
				ASSETCATALOG_COMPILER_GENERATE_SWIFT_ASSET_SYMBOL_EXTENSIONS = YES;
				CLANG_ANALYZER_NONNULL = YES;
				CLANG_ANALYZER_NUMBER_OBJECT_CONVERSION = YES_AGGRESSIVE;
				CLANG_CXX_LANGUAGE_STANDARD = "gnu++20";
				CLANG_ENABLE_MODULES = YES;
				CLANG_ENABLE_OBJC_ARC = YES;
				CLANG_ENABLE_OBJC_WEAK = YES;
				CLANG_WARN_BLOCK_CAPTURE_AUTORELEASING = YES;
				CLANG_WARN_BOOL_CONVERSION = YES;
				CLANG_WARN_COMMA = YES;
				CLANG_WARN_CONSTANT_CONVERSION = YES;
				CLANG_WARN_DEPRECATED_OBJC_IMPLEMENTATIONS = YES;
				CLANG_WARN_DIRECT_OBJC_ISA_USAGE = YES_ERROR;
				CLANG_WARN_DOCUMENTATION_COMMENTS = YES;
				CLANG_WARN_EMPTY_BODY = YES;
				CLANG_WARN_ENUM_CONVERSION = YES;
				CLANG_WARN_INFINITE_RECURSION = YES;
				CLANG_WARN_INT_CONVERSION = YES;
				CLANG_WARN_NON_LITERAL_NULL_CONVERSION = YES;
				CLANG_WARN_OBJC_IMPLICIT_RETAIN_SELF = YES;
				CLANG_WARN_OBJC_LITERAL_CONVERSION = YES;
				CLANG_WARN_OBJC_ROOT_CLASS = YES_ERROR;
				CLANG_WARN_QUOTED_INCLUDE_IN_FRAMEWORK_HEADER = YES;
				CLANG_WARN_RANGE_LOOP_ANALYSIS = YES;
				CLANG_WARN_STRICT_PROTOTYPES = YES;
				CLANG_WARN_SUSPICIOUS_MOVE = YES;
				CLANG_WARN_UNGUARDED_AVAILABILITY = YES_AGGRESSIVE;
				CLANG_WARN_UNREACHABLE_CODE = YES;
				CLANG_WARN__DUPLICATE_METHOD_MATCH = YES;
				COPY_PHASE_STRIP = NO;
				DEBUG_INFORMATION_FORMAT = dwarf;
				ENABLE_STRICT_OBJC_MSGSEND = YES;
				ENABLE_TESTABILITY = YES;
				ENABLE_USER_SCRIPT_SANDBOXING = YES;
				GCC_C_LANGUAGE_STANDARD = gnu17;
				GCC_DYNAMIC_NO_PIC = NO;
				GCC_NO_COMMON_BLOCKS = YES;
				GCC_OPTIMIZATION_LEVEL = 0;
				GCC_PREPROCESSOR_DEFINITIONS = (
					"DEBUG=1",
					"$(inherited)",
				);
				GCC_WARN_64_TO_32_BIT_CONVERSION = YES;
				GCC_WARN_ABOUT_RETURN_TYPE = YES_ERROR;
				GCC_WARN_UNDECLARED_SELECTOR = YES;
				GCC_WARN_UNINITIALIZED_AUTOS = YES_AGGRESSIVE;
				GCC_WARN_UNUSED_FUNCTION = YES;
				GCC_WARN_UNUSED_VARIABLE = YES;
				IPHONEOS_DEPLOYMENT_TARGET = 17.0;
				LOCALIZATION_PREFERS_STRING_CATALOGS = YES;
				MTL_ENABLE_DEBUG_INFO = INCLUDE_SOURCE;
				MTL_FAST_MATH = YES;
				ONLY_ACTIVE_ARCH = YES;
				SDKROOT = iphoneos;
				SWIFT_ACTIVE_COMPILATION_CONDITIONS = "DEBUG $(inherited)";
				SWIFT_OPTIMIZATION_LEVEL = "-Onone";
			};
			name = Debug;
		};
		A62B060B2B0244CE00343DF3 /* Release */ = {
			isa = XCBuildConfiguration;
			buildSettings = {
				ALWAYS_SEARCH_USER_PATHS = NO;
				ASSETCATALOG_COMPILER_GENERATE_SWIFT_ASSET_SYMBOL_EXTENSIONS = YES;
				CLANG_ANALYZER_NONNULL = YES;
				CLANG_ANALYZER_NUMBER_OBJECT_CONVERSION = YES_AGGRESSIVE;
				CLANG_CXX_LANGUAGE_STANDARD = "gnu++20";
				CLANG_ENABLE_MODULES = YES;
				CLANG_ENABLE_OBJC_ARC = YES;
				CLANG_ENABLE_OBJC_WEAK = YES;
				CLANG_WARN_BLOCK_CAPTURE_AUTORELEASING = YES;
				CLANG_WARN_BOOL_CONVERSION = YES;
				CLANG_WARN_COMMA = YES;
				CLANG_WARN_CONSTANT_CONVERSION = YES;
				CLANG_WARN_DEPRECATED_OBJC_IMPLEMENTATIONS = YES;
				CLANG_WARN_DIRECT_OBJC_ISA_USAGE = YES_ERROR;
				CLANG_WARN_DOCUMENTATION_COMMENTS = YES;
				CLANG_WARN_EMPTY_BODY = YES;
				CLANG_WARN_ENUM_CONVERSION = YES;
				CLANG_WARN_INFINITE_RECURSION = YES;
				CLANG_WARN_INT_CONVERSION = YES;
				CLANG_WARN_NON_LITERAL_NULL_CONVERSION = YES;
				CLANG_WARN_OBJC_IMPLICIT_RETAIN_SELF = YES;
				CLANG_WARN_OBJC_LITERAL_CONVERSION = YES;
				CLANG_WARN_OBJC_ROOT_CLASS = YES_ERROR;
				CLANG_WARN_QUOTED_INCLUDE_IN_FRAMEWORK_HEADER = YES;
				CLANG_WARN_RANGE_LOOP_ANALYSIS = YES;
				CLANG_WARN_STRICT_PROTOTYPES = YES;
				CLANG_WARN_SUSPICIOUS_MOVE = YES;
				CLANG_WARN_UNGUARDED_AVAILABILITY = YES_AGGRESSIVE;
				CLANG_WARN_UNREACHABLE_CODE = YES;
				CLANG_WARN__DUPLICATE_METHOD_MATCH = YES;
				COPY_PHASE_STRIP = NO;
				DEBUG_INFORMATION_FORMAT = "dwarf-with-dsym";
				ENABLE_NS_ASSERTIONS = NO;
				ENABLE_STRICT_OBJC_MSGSEND = YES;
				ENABLE_USER_SCRIPT_SANDBOXING = YES;
				GCC_C_LANGUAGE_STANDARD = gnu17;
				GCC_NO_COMMON_BLOCKS = YES;
				GCC_WARN_64_TO_32_BIT_CONVERSION = YES;
				GCC_WARN_ABOUT_RETURN_TYPE = YES_ERROR;
				GCC_WARN_UNDECLARED_SELECTOR = YES;
				GCC_WARN_UNINITIALIZED_AUTOS = YES_AGGRESSIVE;
				GCC_WARN_UNUSED_FUNCTION = YES;
				GCC_WARN_UNUSED_VARIABLE = YES;
				IPHONEOS_DEPLOYMENT_TARGET = 17.0;
				LOCALIZATION_PREFERS_STRING_CATALOGS = YES;
				MTL_ENABLE_DEBUG_INFO = NO;
				MTL_FAST_MATH = YES;
				SDKROOT = iphoneos;
				SWIFT_COMPILATION_MODE = wholemodule;
				VALIDATE_PRODUCT = YES;
			};
			name = Release;
		};
		A62B060D2B0244CE00343DF3 /* Debug */ = {
			isa = XCBuildConfiguration;
			buildSettings = {
				ASSETCATALOG_COMPILER_APPICON_NAME = AppIcon;
				ASSETCATALOG_COMPILER_GLOBAL_ACCENT_COLOR_NAME = AccentColor;
				CODE_SIGN_STYLE = Automatic;
				CURRENT_PROJECT_VERSION = 1;
				DEVELOPMENT_TEAM = Q7RTLG93ZX;
				GENERATE_INFOPLIST_FILE = YES;
				INFOPLIST_FILE = "qiita-app/Info.plist";
				INFOPLIST_KEY_UIApplicationSupportsIndirectInputEvents = YES;
				INFOPLIST_KEY_UILaunchStoryboardName = LaunchScreen;
				INFOPLIST_KEY_UISupportedInterfaceOrientations_iPad = "UIInterfaceOrientationPortrait UIInterfaceOrientationPortraitUpsideDown UIInterfaceOrientationLandscapeLeft UIInterfaceOrientationLandscapeRight";
				INFOPLIST_KEY_UISupportedInterfaceOrientations_iPhone = "UIInterfaceOrientationPortrait UIInterfaceOrientationLandscapeLeft UIInterfaceOrientationLandscapeRight";
				LD_RUNPATH_SEARCH_PATHS = (
					"$(inherited)",
					"@executable_path/Frameworks",
				);
				MARKETING_VERSION = 1.0;
				PRODUCT_BUNDLE_IDENTIFIER = "com.kakimoto.qiita-app";
				PRODUCT_NAME = "$(TARGET_NAME)";
				SWIFT_EMIT_LOC_STRINGS = YES;
				SWIFT_VERSION = 5.0;
				TARGETED_DEVICE_FAMILY = "1,2";
			};
			name = Debug;
		};
		A62B060E2B0244CE00343DF3 /* Release */ = {
			isa = XCBuildConfiguration;
			buildSettings = {
				ASSETCATALOG_COMPILER_APPICON_NAME = AppIcon;
				ASSETCATALOG_COMPILER_GLOBAL_ACCENT_COLOR_NAME = AccentColor;
				CODE_SIGN_STYLE = Automatic;
				CURRENT_PROJECT_VERSION = 1;
				DEVELOPMENT_TEAM = Q7RTLG93ZX;
				GENERATE_INFOPLIST_FILE = YES;
				INFOPLIST_FILE = "qiita-app/Info.plist";
				INFOPLIST_KEY_UIApplicationSupportsIndirectInputEvents = YES;
				INFOPLIST_KEY_UILaunchStoryboardName = LaunchScreen;
				INFOPLIST_KEY_UISupportedInterfaceOrientations_iPad = "UIInterfaceOrientationPortrait UIInterfaceOrientationPortraitUpsideDown UIInterfaceOrientationLandscapeLeft UIInterfaceOrientationLandscapeRight";
				INFOPLIST_KEY_UISupportedInterfaceOrientations_iPhone = "UIInterfaceOrientationPortrait UIInterfaceOrientationLandscapeLeft UIInterfaceOrientationLandscapeRight";
				LD_RUNPATH_SEARCH_PATHS = (
					"$(inherited)",
					"@executable_path/Frameworks",
				);
				MARKETING_VERSION = 1.0;
				PRODUCT_BUNDLE_IDENTIFIER = "com.kakimoto.qiita-app";
				PRODUCT_NAME = "$(TARGET_NAME)";
				SWIFT_EMIT_LOC_STRINGS = YES;
				SWIFT_VERSION = 5.0;
				TARGETED_DEVICE_FAMILY = "1,2";
			};
			name = Release;
		};
/* End XCBuildConfiguration section */

/* Begin XCConfigurationList section */
		A62B05F32B0244CD00343DF3 /* Build configuration list for PBXProject "qiita-app" */ = {
			isa = XCConfigurationList;
			buildConfigurations = (
				A62B060A2B0244CE00343DF3 /* Debug */,
				A62B060B2B0244CE00343DF3 /* Release */,
			);
			defaultConfigurationIsVisible = 0;
			defaultConfigurationName = Release;
		};
		A62B060C2B0244CE00343DF3 /* Build configuration list for PBXNativeTarget "qiita-app" */ = {
			isa = XCConfigurationList;
			buildConfigurations = (
				A62B060D2B0244CE00343DF3 /* Debug */,
				A62B060E2B0244CE00343DF3 /* Release */,
			);
			defaultConfigurationIsVisible = 0;
			defaultConfigurationName = Release;
		};
/* End XCConfigurationList section */
	};
	rootObject = A62B05F02B0244CD00343DF3 /* Project object */;
}
